
Microsoft Visual Studio Solution File, Format Version 12.00
# Visual Studio Version 17
VisualStudioVersion = 17.10.35027.167
MinimumVisualStudioVersion = 10.0.40219.1
Project("{FAE04EC0-301F-11D3-BF4B-00C04F79EFBC}") = "PasswordStorageApp.WebApi", "PasswordStorageApp.WebApi\PasswordStorageApp.WebApi.csproj", "{0C5CBD99-A670-4FCC-B619-4429ACFFCB9A}"
EndProject
Global
	GlobalSection(SolutionConfigurationPlatforms) = preSolution
		Debug|Any CPU = Debug|Any CPU
		Release|Any CPU = Release|Any CPU
	EndGlobalSection
	GlobalSection(ProjectConfigurationPlatforms) = postSolution
		{0C5CBD99-A670-4FCC-B619-4429ACFFCB9A}.Debug|Any CPU.ActiveCfg = Debug|Any CPU
		{0C5CBD99-A670-4FCC-B619-4429ACFFCB9A}.Debug|Any CPU.Build.0 = Debug|Any CPU
		{0C5CBD99-A670-4FCC-B619-4429ACFFCB9A}.Release|Any CPU.ActiveCfg = Release|Any CPU
		{0C5CBD99-A670-4FCC-B619-4429ACFFCB9A}.Release|Any CPU.Build.0 = Release|Any CPU
	EndGlobalSection
	GlobalSection(SolutionProperties) = preSolution
		HideSolutionNode = FALSE
	EndGlobalSection
	GlobalSection(ExtensibilityGlobals) = postSolution
		SolutionGuid = {53D14FEC-EE2D-49E6-94FA-5D6B47898D44}
	EndGlobalSection
EndGlobal
